
Microsoft Visual Studio Solution File, Format Version 12.00
# Visual Studio Version 17
VisualStudioVersion = 17.1.32319.34
MinimumVisualStudioVersion = 10.0.40219.1
Project("{9A19103F-16F7-4668-BE54-9A1E7A4F7556}") = "PetShopApp", "PetShopApp.csproj", "{F2A8FCAC-19C9-44FB-9DCD-5FD8E547BA69}"
EndProject
Global
	GlobalSection(SolutionConfigurationPlatforms) = preSolution
		Debug|Any CPU = Debug|Any CPU
		Release|Any CPU = Release|Any CPU
	EndGlobalSection
	GlobalSection(ProjectConfigurationPlatforms) = postSolution
		{F2A8FCAC-19C9-44FB-9DCD-5FD8E547BA69}.Debug|Any CPU.ActiveCfg = Debug|Any CPU
		{F2A8FCAC-19C9-44FB-9DCD-5FD8E547BA69}.Debug|Any CPU.Build.0 = Debug|Any CPU
		{F2A8FCAC-19C9-44FB-9DCD-5FD8E547BA69}.Release|Any CPU.ActiveCfg = Release|Any CPU
		{F2A8FCAC-19C9-44FB-9DCD-5FD8E547BA69}.Release|Any CPU.Build.0 = Release|Any CPU
	EndGlobalSection
	GlobalSection(SolutionProperties) = preSolution
		HideSolutionNode = FALSE
	EndGlobalSection
	GlobalSection(ExtensibilityGlobals) = postSolution
		SolutionGuid = {BE8AEBBB-313E-476F-8BCC-EC93C0610AF4}
	EndGlobalSection
EndGlobal
